
Microsoft Visual Studio Solution File, Format Version 12.00
# Visual Studio 14
VisualStudioVersion = 14.0.25420.1
MinimumVisualStudioVersion = 10.0.40219.1
Project("{FAE04EC0-301F-11D3-BF4B-00C04F79EFBC}") = "Test", "Test\Test.csproj", "{547AE4ED-C127-4A6C-91DE-6B66BB4DE77C}"
EndProject
Project("{FAE04EC0-301F-11D3-BF4B-00C04F79EFBC}") = "DI_IOC", "DI_IOC\DI_IOC.csproj", "{04EE401E-7DE0-4FA7-8ADF-C098C151F0E6}"
EndProject
Project("{FAE04EC0-301F-11D3-BF4B-00C04F79EFBC}") = "UT.Send", "UT.Email\UT.Send.csproj", "{1B9A60C3-F556-48A2-8359-8866142FB1C5}"
EndProject
Project("{FAE04EC0-301F-11D3-BF4B-00C04F79EFBC}") = "UT.MessageService", "UT.MessageService\UT.MessageService.csproj", "{F12A8609-60BD-4912-8ECA-9899165E0B4E}"
EndProject
Project("{FAE04EC0-301F-11D3-BF4B-00C04F79EFBC}") = "UT. LogicController", "UT. LogicController\UT. LogicController.csproj", "{A45CFE4E-5F6D-4071-912A-B2F524C1B008}"
EndProject
Project("{FAE04EC0-301F-11D3-BF4B-00C04F79EFBC}") = "WechatV22", "WechatV22\WechatV22.csproj", "{F17ADBFE-0D36-47B1-B584-973C5C3D5A18}"
EndProject
Project("{FAE04EC0-301F-11D3-BF4B-00C04F79EFBC}") = "WebApplication1", "WebApplication1\WebApplication1.csproj", "{8AA8F72B-7A62-4B1E-8673-59CB3615F392}"
EndProject
Project("{FAE04EC0-301F-11D3-BF4B-00C04F79EFBC}") = "WindowsFormsApplication1", "WindowsFormsApplication1\WindowsFormsApplication1.csproj", "{660364C3-6A33-4C13-88C0-F54CD41ED55D}"
EndProject
Project("{FAE04EC0-301F-11D3-BF4B-00C04F79EFBC}") = "PDF_Service", "PDF_Service\PDF_Service.csproj", "{A04A1878-ED6A-4FBC-B9E0-3AC96324B6D9}"
EndProject
Project("{2150E333-8FDC-42A3-9474-1A3956D46DE8}") = "SqlSugarDemo", "SqlSugarDemo", "{0D43C531-666D-4365-87B7-84D8FB9351FB}"
EndProject
Project("{9A19103F-16F7-4668-BE54-9A1E7A4F7556}") = "SqlSugarDemo.Service", "SqlSugarDemo.Service\SqlSugarDemo.Service.csproj", "{F1B6FE17-7F7F-401C-9C7D-820E70049FB1}"
EndProject
Project("{9A19103F-16F7-4668-BE54-9A1E7A4F7556}") = "WebAPI", "WebAPI\WebAPI.csproj", "{B76C86DE-55E5-465D-9AE4-DF73BC9F6653}"
EndProject
Project("{9A19103F-16F7-4668-BE54-9A1E7A4F7556}") = "SqlSugarDemo.API", "SqlSugarDemo.API\SqlSugarDemo.API.csproj", "{1AF6BD62-901E-42C5-855D-9699D0200243}"
EndProject
Project("{9A19103F-16F7-4668-BE54-9A1E7A4F7556}") = "SqlSugarDemo.ORM", "SqlSugarDemo.ORM\SqlSugarDemo.ORM.csproj", "{4A2E1AFA-68CB-4DDC-8460-A030C8D9A8D6}"
EndProject
Project("{FAE04EC0-301F-11D3-BF4B-00C04F79EFBC}") = "ConsoleApp1", "ConsoleApp1\ConsoleApp1.csproj", "{1BF1128D-C71C-43E0-B14E-E7AF9ECE822D}"
EndProject
Project("{FAE04EC0-301F-11D3-BF4B-00C04F79EFBC}") = "SMS_Verif", "SMS_Verif\SMS_Verif.csproj", "{45434081-B7D2-4FF6-BEF2-F4BFB04FE7C5}"
EndProject
Global
	GlobalSection(SolutionConfigurationPlatforms) = preSolution
		Debug|Any CPU = Debug|Any CPU
		Release|Any CPU = Release|Any CPU
	EndGlobalSection
	GlobalSection(ProjectConfigurationPlatforms) = postSolution
		{547AE4ED-C127-4A6C-91DE-6B66BB4DE77C}.Debug|Any CPU.ActiveCfg = Debug|Any CPU
		{547AE4ED-C127-4A6C-91DE-6B66BB4DE77C}.Debug|Any CPU.Build.0 = Debug|Any CPU
		{547AE4ED-C127-4A6C-91DE-6B66BB4DE77C}.Release|Any CPU.ActiveCfg = Release|Any CPU
		{547AE4ED-C127-4A6C-91DE-6B66BB4DE77C}.Release|Any CPU.Build.0 = Release|Any CPU
		{04EE401E-7DE0-4FA7-8ADF-C098C151F0E6}.Debug|Any CPU.ActiveCfg = Debug|Any CPU
		{04EE401E-7DE0-4FA7-8ADF-C098C151F0E6}.Debug|Any CPU.Build.0 = Debug|Any CPU
		{04EE401E-7DE0-4FA7-8ADF-C098C151F0E6}.Release|Any CPU.ActiveCfg = Release|Any CPU
		{04EE401E-7DE0-4FA7-8ADF-C098C151F0E6}.Release|Any CPU.Build.0 = Release|Any CPU
		{1B9A60C3-F556-48A2-8359-8866142FB1C5}.Debug|Any CPU.ActiveCfg = Debug|Any CPU
		{1B9A60C3-F556-48A2-8359-8866142FB1C5}.Debug|Any CPU.Build.0 = Debug|Any CPU
		{1B9A60C3-F556-48A2-8359-8866142FB1C5}.Release|Any CPU.ActiveCfg = Release|Any CPU
		{1B9A60C3-F556-48A2-8359-8866142FB1C5}.Release|Any CPU.Build.0 = Release|Any CPU
		{F12A8609-60BD-4912-8ECA-9899165E0B4E}.Debug|Any CPU.ActiveCfg = Debug|Any CPU
		{F12A8609-60BD-4912-8ECA-9899165E0B4E}.Debug|Any CPU.Build.0 = Debug|Any CPU
		{F12A8609-60BD-4912-8ECA-9899165E0B4E}.Release|Any CPU.ActiveCfg = Release|Any CPU
		{F12A8609-60BD-4912-8ECA-9899165E0B4E}.Release|Any CPU.Build.0 = Release|Any CPU
		{A45CFE4E-5F6D-4071-912A-B2F524C1B008}.Debug|Any CPU.ActiveCfg = Debug|Any CPU
		{A45CFE4E-5F6D-4071-912A-B2F524C1B008}.Debug|Any CPU.Build.0 = Debug|Any CPU
		{A45CFE4E-5F6D-4071-912A-B2F524C1B008}.Release|Any CPU.ActiveCfg = Release|Any CPU
		{A45CFE4E-5F6D-4071-912A-B2F524C1B008}.Release|Any CPU.Build.0 = Release|Any CPU
		{F17ADBFE-0D36-47B1-B584-973C5C3D5A18}.Debug|Any CPU.ActiveCfg = Debug|Any CPU
		{F17ADBFE-0D36-47B1-B584-973C5C3D5A18}.Debug|Any CPU.Build.0 = Debug|Any CPU
		{F17ADBFE-0D36-47B1-B584-973C5C3D5A18}.Release|Any CPU.ActiveCfg = Release|Any CPU
		{F17ADBFE-0D36-47B1-B584-973C5C3D5A18}.Release|Any CPU.Build.0 = Release|Any CPU
		{8AA8F72B-7A62-4B1E-8673-59CB3615F392}.Debug|Any CPU.ActiveCfg = Debug|Any CPU
		{8AA8F72B-7A62-4B1E-8673-59CB3615F392}.Debug|Any CPU.Build.0 = Debug|Any CPU
		{8AA8F72B-7A62-4B1E-8673-59CB3615F392}.Release|Any CPU.ActiveCfg = Release|Any CPU
		{8AA8F72B-7A62-4B1E-8673-59CB3615F392}.Release|Any CPU.Build.0 = Release|Any CPU
		{660364C3-6A33-4C13-88C0-F54CD41ED55D}.Debug|Any CPU.ActiveCfg = Debug|Any CPU
		{660364C3-6A33-4C13-88C0-F54CD41ED55D}.Debug|Any CPU.Build.0 = Debug|Any CPU
		{660364C3-6A33-4C13-88C0-F54CD41ED55D}.Release|Any CPU.ActiveCfg = Release|Any CPU
		{660364C3-6A33-4C13-88C0-F54CD41ED55D}.Release|Any CPU.Build.0 = Release|Any CPU
		{A04A1878-ED6A-4FBC-B9E0-3AC96324B6D9}.Debug|Any CPU.ActiveCfg = Debug|Any CPU
		{A04A1878-ED6A-4FBC-B9E0-3AC96324B6D9}.Debug|Any CPU.Build.0 = Debug|Any CPU
		{A04A1878-ED6A-4FBC-B9E0-3AC96324B6D9}.Release|Any CPU.ActiveCfg = Release|Any CPU
		{A04A1878-ED6A-4FBC-B9E0-3AC96324B6D9}.Release|Any CPU.Build.0 = Release|Any CPU
		{F1B6FE17-7F7F-401C-9C7D-820E70049FB1}.Debug|Any CPU.ActiveCfg = Debug|Any CPU
		{F1B6FE17-7F7F-401C-9C7D-820E70049FB1}.Debug|Any CPU.Build.0 = Debug|Any CPU
		{F1B6FE17-7F7F-401C-9C7D-820E70049FB1}.Release|Any CPU.ActiveCfg = Release|Any CPU
		{F1B6FE17-7F7F-401C-9C7D-820E70049FB1}.Release|Any CPU.Build.0 = Release|Any CPU
		{B76C86DE-55E5-465D-9AE4-DF73BC9F6653}.Debug|Any CPU.ActiveCfg = Debug|Any CPU
		{B76C86DE-55E5-465D-9AE4-DF73BC9F6653}.Debug|Any CPU.Build.0 = Debug|Any CPU
		{B76C86DE-55E5-465D-9AE4-DF73BC9F6653}.Release|Any CPU.ActiveCfg = Release|Any CPU
		{B76C86DE-55E5-465D-9AE4-DF73BC9F6653}.Release|Any CPU.Build.0 = Release|Any CPU
		{1AF6BD62-901E-42C5-855D-9699D0200243}.Debug|Any CPU.ActiveCfg = Debug|Any CPU
		{1AF6BD62-901E-42C5-855D-9699D0200243}.Debug|Any CPU.Build.0 = Debug|Any CPU
		{1AF6BD62-901E-42C5-855D-9699D0200243}.Release|Any CPU.ActiveCfg = Release|Any CPU
		{1AF6BD62-901E-42C5-855D-9699D0200243}.Release|Any CPU.Build.0 = Release|Any CPU
		{4A2E1AFA-68CB-4DDC-8460-A030C8D9A8D6}.Debug|Any CPU.ActiveCfg = Debug|Any CPU
		{4A2E1AFA-68CB-4DDC-8460-A030C8D9A8D6}.Debug|Any CPU.Build.0 = Debug|Any CPU
		{4A2E1AFA-68CB-4DDC-8460-A030C8D9A8D6}.Release|Any CPU.ActiveCfg = Release|Any CPU
		{4A2E1AFA-68CB-4DDC-8460-A030C8D9A8D6}.Release|Any CPU.Build.0 = Release|Any CPU
		{1BF1128D-C71C-43E0-B14E-E7AF9ECE822D}.Debug|Any CPU.ActiveCfg = Debug|Any CPU
		{1BF1128D-C71C-43E0-B14E-E7AF9ECE822D}.Debug|Any CPU.Build.0 = Debug|Any CPU
		{1BF1128D-C71C-43E0-B14E-E7AF9ECE822D}.Release|Any CPU.ActiveCfg = Release|Any CPU
		{1BF1128D-C71C-43E0-B14E-E7AF9ECE822D}.Release|Any CPU.Build.0 = Release|Any CPU
		{45434081-B7D2-4FF6-BEF2-F4BFB04FE7C5}.Debug|Any CPU.ActiveCfg = Debug|Any CPU
		{45434081-B7D2-4FF6-BEF2-F4BFB04FE7C5}.Debug|Any CPU.Build.0 = Debug|Any CPU
		{45434081-B7D2-4FF6-BEF2-F4BFB04FE7C5}.Release|Any CPU.ActiveCfg = Release|Any CPU
		{45434081-B7D2-4FF6-BEF2-F4BFB04FE7C5}.Release|Any CPU.Build.0 = Release|Any CPU
	EndGlobalSection
	GlobalSection(SolutionProperties) = preSolution
		HideSolutionNode = FALSE
	EndGlobalSection
	GlobalSection(NestedProjects) = preSolution
		{F1B6FE17-7F7F-401C-9C7D-820E70049FB1} = {0D43C531-666D-4365-87B7-84D8FB9351FB}
		{1AF6BD62-901E-42C5-855D-9699D0200243} = {0D43C531-666D-4365-87B7-84D8FB9351FB}
		{4A2E1AFA-68CB-4DDC-8460-A030C8D9A8D6} = {0D43C531-666D-4365-87B7-84D8FB9351FB}
	EndGlobalSection
	GlobalSection(ExtensibilityGlobals) = postSolution
		SolutionGuid = {4AC792F6-1E48-4D37-AAAC-3579DFD90F3B}
	EndGlobalSection
EndGlobal
